Microsoft Visual Studio Solution File, Format Version 12.00
# Visual Studio Version 17
VisualStudioVersion = 17.5.2.0
MinimumVisualStudioVersion = 10.0.40219.1
Project("{FAE04EC0-301F-11D3-BF4B-00C04F79EFBC}") = "AnomalyDetector", "csharp_anomaly_detector\AnomalyDetector.csproj", "{BCB33B1F-CF33-AA62-5D3F-DE91C2BCBBDD}"
EndProject
Global
	GlobalSection(SolutionConfigurationPlatforms) = preSolution
		Debug|Any CPU = Debug|Any CPU
		Release|Any CPU = Release|Any CPU
	EndGlobalSection
	GlobalSection(ProjectConfigurationPlatforms) = postSolution
		{BCB33B1F-CF33-AA62-5D3F-DE91C2BCBBDD}.Debug|Any CPU.ActiveCfg = Debug|Any CPU
		{BCB33B1F-CF33-AA62-5D3F-DE91C2BCBBDD}.Debug|Any CPU.Build.0 = Debug|Any CPU
		{BCB33B1F-CF33-AA62-5D3F-DE91C2BCBBDD}.Release|Any CPU.ActiveCfg = Release|Any CPU
		{BCB33B1F-CF33-AA62-5D3F-DE91C2BCBBDD}.Release|Any CPU.Build.0 = Release|Any CPU
	EndGlobalSection
	GlobalSection(SolutionProperties) = preSolution
		HideSolutionNode = FALSE
	EndGlobalSection
	GlobalSection(ExtensibilityGlobals) = postSolution
		SolutionGuid = {59E8F16F-A822-4D0E-A3C1-FAD011D35D01}
	EndGlobalSection
EndGlobal
